
Microsoft Visual Studio Solution File, Format Version 12.00
# Visual Studio Version 17
VisualStudioVersion = 17.3.32929.385
MinimumVisualStudioVersion = 10.0.40219.1
Project("{FAE04EC0-301F-11D3-BF4B-00C04F79EFBC}") = "MovieStorepApp.API", "MovieStorepApp.API\MovieStorepApp.API.csproj", "{E38641B6-F72B-4708-A5D3-E26881D4CA7B}"
EndProject
Project("{FAE04EC0-301F-11D3-BF4B-00C04F79EFBC}") = "MovieStoreApp.Test", "MovieStoreApp.Test\MovieStoreApp.Test.csproj", "{AA71341E-40C0-4490-B2F1-7E0B35D52F8F}"
EndProject
Global
	GlobalSection(SolutionConfigurationPlatforms) = preSolution
		Debug|Any CPU = Debug|Any CPU
		Release|Any CPU = Release|Any CPU
	EndGlobalSection
	GlobalSection(ProjectConfigurationPlatforms) = postSolution
		{E38641B6-F72B-4708-A5D3-E26881D4CA7B}.Debug|Any CPU.ActiveCfg = Debug|Any CPU
		{E38641B6-F72B-4708-A5D3-E26881D4CA7B}.Debug|Any CPU.Build.0 = Debug|Any CPU
		{E38641B6-F72B-4708-A5D3-E26881D4CA7B}.Release|Any CPU.ActiveCfg = Release|Any CPU
		{E38641B6-F72B-4708-A5D3-E26881D4CA7B}.Release|Any CPU.Build.0 = Release|Any CPU
		{AA71341E-40C0-4490-B2F1-7E0B35D52F8F}.Debug|Any CPU.ActiveCfg = Debug|Any CPU
		{AA71341E-40C0-4490-B2F1-7E0B35D52F8F}.Debug|Any CPU.Build.0 = Debug|Any CPU
		{AA71341E-40C0-4490-B2F1-7E0B35D52F8F}.Release|Any CPU.ActiveCfg = Release|Any CPU
		{AA71341E-40C0-4490-B2F1-7E0B35D52F8F}.Release|Any CPU.Build.0 = Release|Any CPU
	EndGlobalSection
	GlobalSection(SolutionProperties) = preSolution
		HideSolutionNode = FALSE
	EndGlobalSection
	GlobalSection(ExtensibilityGlobals) = postSolution
		SolutionGuid = {5F89D96A-B71F-40DC-BE68-EFB4EA6C2D6C}
	EndGlobalSection
EndGlobal
